
Microsoft Visual Studio Solution File, Format Version 12.00
# Visual Studio Version 17
VisualStudioVersion = 17.9.34728.123
MinimumVisualStudioVersion = 10.0.40219.1
Project("{9A19103F-16F7-4668-BE54-9A1E7A4F7556}") = "DomoExtrato", "DomoExtrato\DomoExtrato.csproj", "{D002FAA2-E4C9-48CD-96EA-6A16D82A13AE}"
EndProject
Project("{E53339B2-1760-4266-BCC7-CA923CBCF16C}") = "docker-compose", "docker-compose.dcproj", "{3F5AB536-3328-43D3-AEAB-287C00690C9C}"
EndProject
Project("{FAE04EC0-301F-11D3-BF4B-00C04F79EFBC}") = "DomoExtratoTest", "DomoExtratoTest\DomoExtratoTest.csproj", "{75C68A9A-F727-4B66-8ADD-33DF19D3FCFF}"
EndProject
Global
	GlobalSection(SolutionConfigurationPlatforms) = preSolution
		Debug|Any CPU = Debug|Any CPU
		Release|Any CPU = Release|Any CPU
	EndGlobalSection
	GlobalSection(ProjectConfigurationPlatforms) = postSolution
		{D002FAA2-E4C9-48CD-96EA-6A16D82A13AE}.Debug|Any CPU.ActiveCfg = Debug|Any CPU
		{D002FAA2-E4C9-48CD-96EA-6A16D82A13AE}.Debug|Any CPU.Build.0 = Debug|Any CPU
		{D002FAA2-E4C9-48CD-96EA-6A16D82A13AE}.Release|Any CPU.ActiveCfg = Release|Any CPU
		{D002FAA2-E4C9-48CD-96EA-6A16D82A13AE}.Release|Any CPU.Build.0 = Release|Any CPU
		{3F5AB536-3328-43D3-AEAB-287C00690C9C}.Debug|Any CPU.ActiveCfg = Debug|Any CPU
		{3F5AB536-3328-43D3-AEAB-287C00690C9C}.Debug|Any CPU.Build.0 = Debug|Any CPU
		{3F5AB536-3328-43D3-AEAB-287C00690C9C}.Release|Any CPU.ActiveCfg = Release|Any CPU
		{3F5AB536-3328-43D3-AEAB-287C00690C9C}.Release|Any CPU.Build.0 = Release|Any CPU
		{75C68A9A-F727-4B66-8ADD-33DF19D3FCFF}.Debug|Any CPU.ActiveCfg = Debug|Any CPU
		{75C68A9A-F727-4B66-8ADD-33DF19D3FCFF}.Debug|Any CPU.Build.0 = Debug|Any CPU
		{75C68A9A-F727-4B66-8ADD-33DF19D3FCFF}.Release|Any CPU.ActiveCfg = Release|Any CPU
		{75C68A9A-F727-4B66-8ADD-33DF19D3FCFF}.Release|Any CPU.Build.0 = Release|Any CPU
	EndGlobalSection
	GlobalSection(SolutionProperties) = preSolution
		HideSolutionNode = FALSE
	EndGlobalSection
	GlobalSection(ExtensibilityGlobals) = postSolution
		SolutionGuid = {0955D0F1-BDF4-4835-9D45-91DA97F5E449}
	EndGlobalSection
EndGlobal
